
Microsoft Visual Studio Solution File, Format Version 12.00
# Visual Studio Version 16
VisualStudioVersion = 16.0.30104.148
MinimumVisualStudioVersion = 10.0.40219.1
Project("{9092AA53-FB77-4645-B42D-1CCCA6BD08BD}") = "ThreeboxSolution", "ThreeboxSolution.njsproj", "{08293A0B-FF69-4A1D-BED6-D1EC4D502E9E}"
EndProject
Global
	GlobalSection(SolutionConfigurationPlatforms) = preSolution
		Debug|Any CPU = Debug|Any CPU
		Release|Any CPU = Release|Any CPU
	EndGlobalSection
	GlobalSection(ProjectConfigurationPlatforms) = postSolution
		{08293A0B-FF69-4A1D-BED6-D1EC4D502E9E}.Debug|Any CPU.ActiveCfg = Debug|Any CPU
		{08293A0B-FF69-4A1D-BED6-D1EC4D502E9E}.Debug|Any CPU.Build.0 = Debug|Any CPU
		{08293A0B-FF69-4A1D-BED6-D1EC4D502E9E}.Release|Any CPU.ActiveCfg = Release|Any CPU
		{08293A0B-FF69-4A1D-BED6-D1EC4D502E9E}.Release|Any CPU.Build.0 = Release|Any CPU
	EndGlobalSection
	GlobalSection(SolutionProperties) = preSolution
		HideSolutionNode = FALSE
	EndGlobalSection
	GlobalSection(ExtensibilityGlobals) = postSolution
		SolutionGuid = {2049AAEC-0489-4D3A-AF4D-409694C83407}
	EndGlobalSection
EndGlobal
